
Microsoft Visual Studio Solution File, Format Version 12.00
# Visual Studio Version 17
VisualStudioVersion = 17.8.34601.278
MinimumVisualStudioVersion = 10.0.40219.1
Project("{8BC9CEB8-8B4A-11D0-8D11-00A0C91BC942}") = "GameOfLifeV2", "GameOfLifeV2.vcxproj", "{6CC5A30B-2092-4652-BDF7-C618CE9B6CAB}"
EndProject
Global
	GlobalSection(SolutionConfigurationPlatforms) = preSolution
		Debug|x64 = Debug|x64
		Debug|x86 = Debug|x86
		Release|x64 = Release|x64
		Release|x86 = Release|x86
	EndGlobalSection
	GlobalSection(ProjectConfigurationPlatforms) = postSolution
		{6CC5A30B-2092-4652-BDF7-C618CE9B6CAB}.Debug|x64.ActiveCfg = Debug|x64
		{6CC5A30B-2092-4652-BDF7-C618CE9B6CAB}.Debug|x64.Build.0 = Debug|x64
		{6CC5A30B-2092-4652-BDF7-C618CE9B6CAB}.Debug|x86.ActiveCfg = Debug|Win32
		{6CC5A30B-2092-4652-BDF7-C618CE9B6CAB}.Debug|x86.Build.0 = Debug|Win32
		{6CC5A30B-2092-4652-BDF7-C618CE9B6CAB}.Release|x64.ActiveCfg = Release|x64
		{6CC5A30B-2092-4652-BDF7-C618CE9B6CAB}.Release|x64.Build.0 = Release|x64
		{6CC5A30B-2092-4652-BDF7-C618CE9B6CAB}.Release|x86.ActiveCfg = Release|Win32
		{6CC5A30B-2092-4652-BDF7-C618CE9B6CAB}.Release|x86.Build.0 = Release|Win32
	EndGlobalSection
	GlobalSection(SolutionProperties) = preSolution
		HideSolutionNode = FALSE
	EndGlobalSection
	GlobalSection(ExtensibilityGlobals) = postSolution
		SolutionGuid = {C091DEB0-33DA-40CB-BF0D-DBD665EFC7A1}
	EndGlobalSection
EndGlobal
